
Microsoft Visual Studio Solution File, Format Version 12.00
# Visual Studio Version 17
VisualStudioVersion = 17.14.36616.10
MinimumVisualStudioVersion = 10.0.40219.1
Project("{2150E333-8FDC-42A3-9474-1A3956D46DE8}") = "src", "src", "{02EA681E-C7D8-13C7-8484-4AC65E1B71E8}"
EndProject
Project("{2150E333-8FDC-42A3-9474-1A3956D46DE8}") = "tests", "tests", "{CD0DA890-0214-4C35-9C4E-A67F359075B7}"
EndProject
Project("{FAE04EC0-301F-11D3-BF4B-00C04F79EFBC}") = "FoodOrdering.API", "src\FoodOrdering.API\FoodOrdering.API.csproj", "{E3E1E565-3A37-5CA6-2F14-EA25CC60F77C}"
EndProject
Project("{FAE04EC0-301F-11D3-BF4B-00C04F79EFBC}") = "FoodOrdering.Application", "src\FoodOrdering.Application\FoodOrdering.Application.csproj", "{CE051093-C81D-0671-A651-4B258E751FB6}"
EndProject
Project("{FAE04EC0-301F-11D3-BF4B-00C04F79EFBC}") = "FoodOrdering.Domain", "src\FoodOrdering.Domain\FoodOrdering.Domain.csproj", "{9C25F20D-5B9F-8A40-E2CC-5AA68E04FF5C}"
EndProject
Project("{FAE04EC0-301F-11D3-BF4B-00C04F79EFBC}") = "FoodOrdering.Infrastructure", "src\FoodOrdering.Infrastructure\FoodOrdering.Infrastructure.csproj", "{57F47379-62C7-1D80-106E-0FCA70774A0F}"
EndProject
Project("{FAE04EC0-301F-11D3-BF4B-00C04F79EFBC}") = "FoodOrdering.API.Tests", "tests\FoodOrdering.API.Tests\FoodOrdering.API.Tests.csproj", "{BCB17D7F-A2EB-4117-AF9A-19ADD7B842A0}"
EndProject
Project("{FAE04EC0-301F-11D3-BF4B-00C04F79EFBC}") = "FoodOrdering.Application.Tests", "tests\FoodOrdering.Application.Tests\FoodOrdering.Application.Tests.csproj", "{22C27739-7B80-54FD-B50B-ECF52628108F}"
EndProject
Project("{FAE04EC0-301F-11D3-BF4B-00C04F79EFBC}") = "FoodOrdering.Domain.Tests", "tests\FoodOrdering.Domain.Tests\FoodOrdering.Domain.Tests.csproj", "{C4E91718-C027-1CDC-B4C9-801DB59C8B0B}"
EndProject
Global
	GlobalSection(SolutionConfigurationPlatforms) = preSolution
		Debug|Any CPU = Debug|Any CPU
		Release|Any CPU = Release|Any CPU
	EndGlobalSection
	GlobalSection(ProjectConfigurationPlatforms) = postSolution
		{E3E1E565-3A37-5CA6-2F14-EA25CC60F77C}.Debug|Any CPU.ActiveCfg = Debug|Any CPU
		{E3E1E565-3A37-5CA6-2F14-EA25CC60F77C}.Debug|Any CPU.Build.0 = Debug|Any CPU
		{E3E1E565-3A37-5CA6-2F14-EA25CC60F77C}.Release|Any CPU.ActiveCfg = Release|Any CPU
		{E3E1E565-3A37-5CA6-2F14-EA25CC60F77C}.Release|Any CPU.Build.0 = Release|Any CPU
		{CE051093-C81D-0671-A651-4B258E751FB6}.Debug|Any CPU.ActiveCfg = Debug|Any CPU
		{CE051093-C81D-0671-A651-4B258E751FB6}.Debug|Any CPU.Build.0 = Debug|Any CPU
		{CE051093-C81D-0671-A651-4B258E751FB6}.Release|Any CPU.ActiveCfg = Release|Any CPU
		{CE051093-C81D-0671-A651-4B258E751FB6}.Release|Any CPU.Build.0 = Release|Any CPU
		{9C25F20D-5B9F-8A40-E2CC-5AA68E04FF5C}.Debug|Any CPU.ActiveCfg = Debug|Any CPU
		{9C25F20D-5B9F-8A40-E2CC-5AA68E04FF5C}.Debug|Any CPU.Build.0 = Debug|Any CPU
		{9C25F20D-5B9F-8A40-E2CC-5AA68E04FF5C}.Release|Any CPU.ActiveCfg = Release|Any CPU
		{9C25F20D-5B9F-8A40-E2CC-5AA68E04FF5C}.Release|Any CPU.Build.0 = Release|Any CPU
		{57F47379-62C7-1D80-106E-0FCA70774A0F}.Debug|Any CPU.ActiveCfg = Debug|Any CPU
		{57F47379-62C7-1D80-106E-0FCA70774A0F}.Debug|Any CPU.Build.0 = Debug|Any CPU
		{57F47379-62C7-1D80-106E-0FCA70774A0F}.Release|Any CPU.ActiveCfg = Release|Any CPU
		{57F47379-62C7-1D80-106E-0FCA70774A0F}.Release|Any CPU.Build.0 = Release|Any CPU
		{BCB17D7F-A2EB-4117-AF9A-19ADD7B842A0}.Debug|Any CPU.ActiveCfg = Debug|Any CPU
		{BCB17D7F-A2EB-4117-AF9A-19ADD7B842A0}.Debug|Any CPU.Build.0 = Debug|Any CPU
		{BCB17D7F-A2EB-4117-AF9A-19ADD7B842A0}.Release|Any CPU.ActiveCfg = Release|Any CPU
		{BCB17D7F-A2EB-4117-AF9A-19ADD7B842A0}.Release|Any CPU.Build.0 = Release|Any CPU
		{22C27739-7B80-54FD-B50B-ECF52628108F}.Debug|Any CPU.ActiveCfg = Debug|Any CPU
		{22C27739-7B80-54FD-B50B-ECF52628108F}.Debug|Any CPU.Build.0 = Debug|Any CPU
		{22C27739-7B80-54FD-B50B-ECF52628108F}.Release|Any CPU.ActiveCfg = Release|Any CPU
		{22C27739-7B80-54FD-B50B-ECF52628108F}.Release|Any CPU.Build.0 = Release|Any CPU
		{C4E91718-C027-1CDC-B4C9-801DB59C8B0B}.Debug|Any CPU.ActiveCfg = Debug|Any CPU
		{C4E91718-C027-1CDC-B4C9-801DB59C8B0B}.Debug|Any CPU.Build.0 = Debug|Any CPU
		{C4E91718-C027-1CDC-B4C9-801DB59C8B0B}.Release|Any CPU.ActiveCfg = Release|Any CPU
		{C4E91718-C027-1CDC-B4C9-801DB59C8B0B}.Release|Any CPU.Build.0 = Release|Any CPU
	EndGlobalSection
	GlobalSection(SolutionProperties) = preSolution
		HideSolutionNode = FALSE
	EndGlobalSection
	GlobalSection(NestedProjects) = preSolution
		{E3E1E565-3A37-5CA6-2F14-EA25CC60F77C} = {02EA681E-C7D8-13C7-8484-4AC65E1B71E8}
		{CE051093-C81D-0671-A651-4B258E751FB6} = {02EA681E-C7D8-13C7-8484-4AC65E1B71E8}
		{9C25F20D-5B9F-8A40-E2CC-5AA68E04FF5C} = {02EA681E-C7D8-13C7-8484-4AC65E1B71E8}
		{57F47379-62C7-1D80-106E-0FCA70774A0F} = {02EA681E-C7D8-13C7-8484-4AC65E1B71E8}
		{BCB17D7F-A2EB-4117-AF9A-19ADD7B842A0} = {CD0DA890-0214-4C35-9C4E-A67F359075B7}
		{22C27739-7B80-54FD-B50B-ECF52628108F} = {CD0DA890-0214-4C35-9C4E-A67F359075B7}
		{C4E91718-C027-1CDC-B4C9-801DB59C8B0B} = {CD0DA890-0214-4C35-9C4E-A67F359075B7}
	EndGlobalSection
	GlobalSection(ExtensibilityGlobals) = postSolution
		SolutionGuid = {A4021A17-1B55-42EF-95C0-4A98E8660E8D}
	EndGlobalSection
EndGlobal
